// !$*UTF8*$!
{
	archiveVersion = 1;
	classes = {
	};
	objectVersion = 46;
	objects = {

/* Begin PBXBuildFile section */
		4319BA721A47EA2900A4FEA8 /* MiddlePoleView.swift in Sources */ = {isa = PBXBuildFile; fileRef = 4319BA711A47EA2900A4FEA8 /* MiddlePoleView.swift */; };
		4319BA751A47F55600A4FEA8 /* NTTheme.m in Sources */ = {isa = PBXBuildFile; fileRef = 43A876EC1A4472D600AD9CCD /* NTTheme.m */; };
		4319BA761A47F55600A4FEA8 /* NTJSONNetworkCollector+NTSeattle.m in Sources */ = {isa = PBXBuildFile; fileRef = 431F85E91A3E9B44003DA6E9 /* NTJSONNetworkCollector+NTSeattle.m */; };
		4319BA771A47F55600A4FEA8 /* NTDetailLabel.m in Sources */ = {isa = PBXBuildFile; fileRef = 43A876FC1A448E7B00AD9CCD /* NTDetailLabel.m */; };
		4319BA781A47F55600A4FEA8 /* BCMeshTransform+DemoTransforms.m in Sources */ = {isa = PBXBuildFile; fileRef = 4367F2C21A46F3FD00B4E0D3 /* BCMeshTransform+DemoTransforms.m */; };
		4319BA791A47F55600A4FEA8 /* BCMeshTransform+Interpolation.m in Sources */ = {isa = PBXBuildFile; fileRef = 4367F2C41A46F3FD00B4E0D3 /* BCMeshTransform+Interpolation.m */; };
		4319BA7A1A47F55600A4FEA8 /* NTButton.m in Sources */ = {isa = PBXBuildFile; fileRef = 43A876F81A4483C000AD9CCD /* NTButton.m */; };
		4319BA7C1A47F55600A4FEA8 /* BCMeshShader.m in Sources */ = {isa = PBXBuildFile; fileRef = 4367F2BD1A46F3FD00B4E0D3 /* BCMeshShader.m */; };
		4319BA7D1A47F55600A4FEA8 /* seattle_schools.xcdatamodeld in Sources */ = {isa = PBXBuildFile; fileRef = 431F85B01A3E9430003DA6E9 /* seattle_schools.xcdatamodeld */; };
		4319BA7E1A47F55600A4FEA8 /* NTFlagButton.m in Sources */ = {isa = PBXBuildFile; fileRef = 43A876F51A4483B200AD9CCD /* NTFlagButton.m */; };
		4319BA7F1A47F55600A4FEA8 /* NTLocationManager.m in Sources */ = {isa = PBXBuildFile; fileRef = 431F86001A3EB738003DA6E9 /* NTLocationManager.m */; };
		4319BA801A47F55600A4FEA8 /* NTFilterTransformView.m in Sources */ = {isa = PBXBuildFile; fileRef = 4367F2DA1A46F51E00B4E0D3 /* NTFilterTransformView.m */; };
		4319BA811A47F55600A4FEA8 /* BCMeshTransformView.m in Sources */ = {isa = PBXBuildFile; fileRef = 4367F2CA1A46F3FD00B4E0D3 /* BCMeshTransformView.m */; };
		4319BA821A47F55600A4FEA8 /* CGRect+NTExtend.swift in Sources */ = {isa = PBXBuildFile; fileRef = 4395BF041A47A8A2005E8CA2 /* CGRect+NTExtend.swift */; };
		4319BA831A47F55600A4FEA8 /* FilterView.swift in Sources */ = {isa = PBXBuildFile; fileRef = 4367F2E01A470B7C00B4E0D3 /* FilterView.swift */; };
		4319BA841A47F55600A4FEA8 /* NTSchoolAnnotate.m in Sources */ = {isa = PBXBuildFile; fileRef = 431F86061A3EDE1C003DA6E9 /* NTSchoolAnnotate.m */; };
		4319BA851A47F55600A4FEA8 /* NTHomeViewController.m in Sources */ = {isa = PBXBuildFile; fileRef = 431F85AB1A3E9405003DA6E9 /* NTHomeViewController.m */; };
		4319BA861A47F55600A4FEA8 /* BCMeshTransform.mm in Sources */ = {isa = PBXBuildFile; fileRef = 4367F2C61A46F3FD00B4E0D3 /* BCMeshTransform.mm */; };
		4319BA871A47F55600A4FEA8 /* BCMeshTransformAnimation.m in Sources */ = {isa = PBXBuildFile; fileRef = 4367F2C81A46F3FD00B4E0D3 /* BCMeshTransformAnimation.m */; };
		4319BA881A47F55600A4FEA8 /* main.m in Sources */ = {isa = PBXBuildFile; fileRef = 431F857A1A3E911D003DA6E9 /* main.m */; };
		4319BA891A47F55600A4FEA8 /* BCMeshTexture.m in Sources */ = {isa = PBXBuildFile; fileRef = 4367F2C01A46F3FD00B4E0D3 /* BCMeshTexture.m */; };
		4319BA8A1A47F55600A4FEA8 /* MiddlePoleView.swift in Sources */ = {isa = PBXBuildFile; fileRef = 4319BA711A47EA2900A4FEA8 /* MiddlePoleView.swift */; };
		4319BA8B1A47F55600A4FEA8 /* AppDelegate.m in Sources */ = {isa = PBXBuildFile; fileRef = 431F85A71A3E9405003DA6E9 /* AppDelegate.m */; };
		4319BA8C1A47F55600A4FEA8 /* NTJSONLocalCollector+NTSeattle.m in Sources */ = {isa = PBXBuildFile; fileRef = 4336A1EB1A421B9C005BC764 /* NTJSONLocalCollector+NTSeattle.m */; };
		4319BA8D1A47F55600A4FEA8 /* NTNavigationBar.m in Sources */ = {isa = PBXBuildFile; fileRef = 43A876E91A446B1F00AD9CCD /* NTNavigationBar.m */; };
		4319BA8E1A47F55600A4FEA8 /* BCMeshBuffer.m in Sources */ = {isa = PBXBuildFile; fileRef = 4367F2B81A46F3FD00B4E0D3 /* BCMeshBuffer.m */; };
		4319BA901A47F55600A4FEA8 /* NTSchool.m in Sources */ = {isa = PBXBuildFile; fileRef = 431F85E61A3E98B4003DA6E9 /* NTSchool.m */; };
		4319BA911A47F55600A4FEA8 /* BCMutableMeshTransform+Convenience.m in Sources */ = {isa = PBXBuildFile; fileRef = 4367F2CC1A46F3FD00B4E0D3 /* BCMutableMeshTransform+Convenience.m */; };
		4319BA921A47F55600A4FEA8 /* UIImage+NTExtra.m in Sources */ = {isa = PBXBuildFile; fileRef = 4336A1F11A429327005BC764 /* UIImage+NTExtra.m */; };
		4319BA931A47F55600A4FEA8 /* NTPoleView.m in Sources */ = {isa = PBXBuildFile; fileRef = 43A876F21A447A9800AD9CCD /* NTPoleView.m */; };
		4319BA951A47F55600A4FEA8 /* NTFilterViewController.m in Sources */ = {isa = PBXBuildFile; fileRef = 431F85EF1A3EA2A1003DA6E9 /* NTFilterViewController.m */; };
		4319BA971A47F55600A4FEA8 /* NTJSONNetworkCollector+Google.m in Sources */ = {isa = PBXBuildFile; fileRef = 4336A1EE1A422642005BC764 /* NTJSONNetworkCollector+Google.m */; };
		4319BA981A47F55600A4FEA8 /* NTDetailViewController.m in Sources */ = {isa = PBXBuildFile; fileRef = 431F85A91A3E9405003DA6E9 /* NTDetailViewController.m */; };
		4319BA991A47F55600A4FEA8 /* NTSchoolFilter.m in Sources */ = {isa = PBXBuildFile; fileRef = 43F3A6A71A41809100F55C05 /* NTSchoolFilter.m */; };
		4319BA9A1A47F55600A4FEA8 /* NTSchoolAnnotateView.m in Sources */ = {isa = PBXBuildFile; fileRef = 431F85F21A3EA352003DA6E9 /* NTSchoolAnnotateView.m */; };
		4319BA9B1A47F55600A4FEA8 /* NTSchoolGroupAnnotation.m in Sources */ = {isa = PBXBuildFile; fileRef = 4336A1F41A42A5F1005BC764 /* NTSchoolGroupAnnotation.m */; };
		4319BA9C1A47F55600A4FEA8 /* BCMeshContentView.m in Sources */ = {isa = PBXBuildFile; fileRef = 4367F2BA1A46F3FD00B4E0D3 /* BCMeshContentView.m */; };
		4319BA9F1A47F55600A4FEA8 /* CoreGraphics.framework in Frameworks */ = {isa = PBXBuildFile; fileRef = 43F6016E1A45E8640041B9C9 /* CoreGraphics.framework */; };
		4319BAA01A47F55600A4FEA8 /* QuartzCore.framework in Frameworks */ = {isa = PBXBuildFile; fileRef = 43F6016C1A45E85F0041B9C9 /* QuartzCore.framework */; };
		4319BAA11A47F55600A4FEA8 /* CoreLocation.framework in Frameworks */ = {isa = PBXBuildFile; fileRef = 431F85FD1A3EA756003DA6E9 /* CoreLocation.framework */; };
		4319BAA21A47F55600A4FEA8 /* MapKit.framework in Frameworks */ = {isa = PBXBuildFile; fileRef = 431F85F41A3EA588003DA6E9 /* MapKit.framework */; };
		4319BAA41A47F55600A4FEA8 /* Main.storyboard in Resources */ = {isa = PBXBuildFile; fileRef = 431F85851A3E911D003DA6E9 /* Main.storyboard */; };
		4319BAA51A47F55600A4FEA8 /* CaviarDreams_Italic.ttf in Resources */ = {isa = PBXBuildFile; fileRef = 43A876E31A4469B900AD9CCD /* CaviarDreams_Italic.ttf */; };
		4319BAA61A47F55600A4FEA8 /* private_schools.json in Resources */ = {isa = PBXBuildFile; fileRef = 435B713B1A420DBB00D39352 /* private_schools.json */; };
		4319BAA71A47F55600A4FEA8 /* Images.xcassets in Resources */ = {isa = PBXBuildFile; fileRef = 43F57BD61A4017630081E4B0 /* Images.xcassets */; };
		4319BAA81A47F55600A4FEA8 /* CaviarDreams.ttf in Resources */ = {isa = PBXBuildFile; fileRef = 43A876E11A4469B900AD9CCD /* CaviarDreams.ttf */; };
		4319BAA91A47F55600A4FEA8 /* Caviar_Dreams_Bold.ttf in Resources */ = {isa = PBXBuildFile; fileRef = 43A876E01A4469B900AD9CCD /* Caviar_Dreams_Bold.ttf */; };
		4319BAAA1A47F55600A4FEA8 /* LaunchScreen.xib in Resources */ = {isa = PBXBuildFile; fileRef = 431F858A1A3E911D003DA6E9 /* LaunchScreen.xib */; };
		4319BAAB1A47F55600A4FEA8 /* public_schools.json in Resources */ = {isa = PBXBuildFile; fileRef = 435B713C1A420DBB00D39352 /* public_schools.json */; };
		4319BAAD1A47F55600A4FEA8 /* BCMeshShader.vsh in Resources */ = {isa = PBXBuildFile; fileRef = 4367F2BE1A46F3FD00B4E0D3 /* BCMeshShader.vsh */; };
		4319BAAE1A47F55600A4FEA8 /* BCMeshShader.fsh in Resources */ = {isa = PBXBuildFile; fileRef = 4367F2BB1A46F3FD00B4E0D3 /* BCMeshShader.fsh */; };
		4319BAAF1A47F55600A4FEA8 /* CaviarDreams_BoldItalic.ttf in Resources */ = {isa = PBXBuildFile; fileRef = 43A876E21A4469B900AD9CCD /* CaviarDreams_BoldItalic.ttf */; };
		431F857B1A3E911D003DA6E9 /* main.m in Sources */ = {isa = PBXBuildFile; fileRef = 431F857A1A3E911D003DA6E9 /* main.m */; };
		431F85871A3E911D003DA6E9 /* Main.storyboard in Resources */ = {isa = PBXBuildFile; fileRef = 431F85851A3E911D003DA6E9 /* Main.storyboard */; };
		431F858C1A3E911D003DA6E9 /* LaunchScreen.xib in Resources */ = {isa = PBXBuildFile; fileRef = 431F858A1A3E911D003DA6E9 /* LaunchScreen.xib */; };
		431F85981A3E911E003DA6E9 /* seattle_schoolsTests.m in Sources */ = {isa = PBXBuildFile; fileRef = 431F85971A3E911E003DA6E9 /* seattle_schoolsTests.m */; };
		431F85AC1A3E9405003DA6E9 /* AppDelegate.m in Sources */ = {isa = PBXBuildFile; fileRef = 431F85A71A3E9405003DA6E9 /* AppDelegate.m */; };
		431F85AD1A3E9405003DA6E9 /* NTDetailViewController.m in Sources */ = {isa = PBXBuildFile; fileRef = 431F85A91A3E9405003DA6E9 /* NTDetailViewController.m */; };
		431F85AE1A3E9405003DA6E9 /* NTHomeViewController.m in Sources */ = {isa = PBXBuildFile; fileRef = 431F85AB1A3E9405003DA6E9 /* NTHomeViewController.m */; };
		431F85B21A3E9430003DA6E9 /* seattle_schools.xcdatamodeld in Sources */ = {isa = PBXBuildFile; fileRef = 431F85B01A3E9430003DA6E9 /* seattle_schools.xcdatamodeld */; };
		431F85E71A3E98B4003DA6E9 /* NTSchool.m in Sources */ = {isa = PBXBuildFile; fileRef = 431F85E61A3E98B4003DA6E9 /* NTSchool.m */; };
		431F85EA1A3E9B44003DA6E9 /* NTJSONNetworkCollector+NTSeattle.m in Sources */ = {isa = PBXBuildFile; fileRef = 431F85E91A3E9B44003DA6E9 /* NTJSONNetworkCollector+NTSeattle.m */; };
		431F85F01A3EA2A1003DA6E9 /* NTFilterViewController.m in Sources */ = {isa = PBXBuildFile; fileRef = 431F85EF1A3EA2A1003DA6E9 /* NTFilterViewController.m */; };
		431F85F31A3EA352003DA6E9 /* NTSchoolAnnotateView.m in Sources */ = {isa = PBXBuildFile; fileRef = 431F85F21A3EA352003DA6E9 /* NTSchoolAnnotateView.m */; };
		431F85F51A3EA588003DA6E9 /* MapKit.framework in Frameworks */ = {isa = PBXBuildFile; fileRef = 431F85F41A3EA588003DA6E9 /* MapKit.framework */; };
		431F85FE1A3EA756003DA6E9 /* CoreLocation.framework in Frameworks */ = {isa = PBXBuildFile; fileRef = 431F85FD1A3EA756003DA6E9 /* CoreLocation.framework */; };
		431F86011A3EB738003DA6E9 /* NTLocationManager.m in Sources */ = {isa = PBXBuildFile; fileRef = 431F86001A3EB738003DA6E9 /* NTLocationManager.m */; };
		431F86071A3EDE1C003DA6E9 /* NTSchoolAnnotate.m in Sources */ = {isa = PBXBuildFile; fileRef = 431F86061A3EDE1C003DA6E9 /* NTSchoolAnnotate.m */; };
		4336A1EC1A421B9C005BC764 /* NTJSONLocalCollector+NTSeattle.m in Sources */ = {isa = PBXBuildFile; fileRef = 4336A1EB1A421B9C005BC764 /* NTJSONLocalCollector+NTSeattle.m */; };
		4336A1EF1A422642005BC764 /* NTJSONNetworkCollector+Google.m in Sources */ = {isa = PBXBuildFile; fileRef = 4336A1EE1A422642005BC764 /* NTJSONNetworkCollector+Google.m */; };
		4336A1F21A429327005BC764 /* UIImage+NTExtra.m in Sources */ = {isa = PBXBuildFile; fileRef = 4336A1F11A429327005BC764 /* UIImage+NTExtra.m */; };
		4336A1F51A42A5F2005BC764 /* NTSchoolGroupAnnotation.m in Sources */ = {isa = PBXBuildFile; fileRef = 4336A1F41A42A5F1005BC764 /* NTSchoolGroupAnnotation.m */; };
		4336A1F71A42B29F005BC764 /* NTSchoolGradeTests.m in Sources */ = {isa = PBXBuildFile; fileRef = 4336A1F61A42B29F005BC764 /* NTSchoolGradeTests.m */; };
		435B713D1A420DBB00D39352 /* private_schools.json in Resources */ = {isa = PBXBuildFile; fileRef = 435B713B1A420DBB00D39352 /* private_schools.json */; };
		435B713E1A420DBB00D39352 /* public_schools.json in Resources */ = {isa = PBXBuildFile; fileRef = 435B713C1A420DBB00D39352 /* public_schools.json */; };
		4367F2CD1A46F3FD00B4E0D3 /* BCMeshBuffer.m in Sources */ = {isa = PBXBuildFile; fileRef = 4367F2B81A46F3FD00B4E0D3 /* BCMeshBuffer.m */; };
		4367F2CE1A46F3FD00B4E0D3 /* BCMeshContentView.m in Sources */ = {isa = PBXBuildFile; fileRef = 4367F2BA1A46F3FD00B4E0D3 /* BCMeshContentView.m */; };
		4367F2CF1A46F3FD00B4E0D3 /* BCMeshShader.fsh in Resources */ = {isa = PBXBuildFile; fileRef = 4367F2BB1A46F3FD00B4E0D3 /* BCMeshShader.fsh */; };
		4367F2D01A46F3FD00B4E0D3 /* BCMeshShader.m in Sources */ = {isa = PBXBuildFile; fileRef = 4367F2BD1A46F3FD00B4E0D3 /* BCMeshShader.m */; };
		4367F2D11A46F3FD00B4E0D3 /* BCMeshShader.vsh in Resources */ = {isa = PBXBuildFile; fileRef = 4367F2BE1A46F3FD00B4E0D3 /* BCMeshShader.vsh */; };
		4367F2D21A46F3FD00B4E0D3 /* BCMeshTexture.m in Sources */ = {isa = PBXBuildFile; fileRef = 4367F2C01A46F3FD00B4E0D3 /* BCMeshTexture.m */; };
		4367F2D31A46F3FD00B4E0D3 /* BCMeshTransform+DemoTransforms.m in Sources */ = {isa = PBXBuildFile; fileRef = 4367F2C21A46F3FD00B4E0D3 /* BCMeshTransform+DemoTransforms.m */; };
		4367F2D41A46F3FD00B4E0D3 /* BCMeshTransform+Interpolation.m in Sources */ = {isa = PBXBuildFile; fileRef = 4367F2C41A46F3FD00B4E0D3 /* BCMeshTransform+Interpolation.m */; };
		4367F2D51A46F3FD00B4E0D3 /* BCMeshTransform.mm in Sources */ = {isa = PBXBuildFile; fileRef = 4367F2C61A46F3FD00B4E0D3 /* BCMeshTransform.mm */; };
		4367F2D61A46F3FD00B4E0D3 /* BCMeshTransformAnimation.m in Sources */ = {isa = PBXBuildFile; fileRef = 4367F2C81A46F3FD00B4E0D3 /* BCMeshTransformAnimation.m */; };
		4367F2D71A46F3FD00B4E0D3 /* BCMeshTransformView.m in Sources */ = {isa = PBXBuildFile; fileRef = 4367F2CA1A46F3FD00B4E0D3 /* BCMeshTransformView.m */; };
		4367F2D81A46F3FD00B4E0D3 /* BCMutableMeshTransform+Convenience.m in Sources */ = {isa = PBXBuildFile; fileRef = 4367F2CC1A46F3FD00B4E0D3 /* BCMutableMeshTransform+Convenience.m */; };
		4367F2DB1A46F51E00B4E0D3 /* NTFilterTransformView.m in Sources */ = {isa = PBXBuildFile; fileRef = 4367F2DA1A46F51E00B4E0D3 /* NTFilterTransformView.m */; };
		4367F2E11A470B7C00B4E0D3 /* FilterView.swift in Sources */ = {isa = PBXBuildFile; fileRef = 4367F2E01A470B7C00B4E0D3 /* FilterView.swift */; };
		4395BF051A47A8A2005E8CA2 /* CGRect+NTExtend.swift in Sources */ = {isa = PBXBuildFile; fileRef = 4395BF041A47A8A2005E8CA2 /* CGRect+NTExtend.swift */; };
		43A876E41A4469B900AD9CCD /* Caviar_Dreams_Bold.ttf in Resources */ = {isa = PBXBuildFile; fileRef = 43A876E01A4469B900AD9CCD /* Caviar_Dreams_Bold.ttf */; };
		43A876E51A4469B900AD9CCD /* CaviarDreams.ttf in Resources */ = {isa = PBXBuildFile; fileRef = 43A876E11A4469B900AD9CCD /* CaviarDreams.ttf */; };
		43A876E61A4469B900AD9CCD /* CaviarDreams_BoldItalic.ttf in Resources */ = {isa = PBXBuildFile; fileRef = 43A876E21A4469B900AD9CCD /* CaviarDreams_BoldItalic.ttf */; };
		43A876E71A4469B900AD9CCD /* CaviarDreams_Italic.ttf in Resources */ = {isa = PBXBuildFile; fileRef = 43A876E31A4469B900AD9CCD /* CaviarDreams_Italic.ttf */; };
		43A876EA1A446B1F00AD9CCD /* NTNavigationBar.m in Sources */ = {isa = PBXBuildFile; fileRef = 43A876E91A446B1F00AD9CCD /* NTNavigationBar.m */; };
		43A876ED1A4472D600AD9CCD /* NTTheme.m in Sources */ = {isa = PBXBuildFile; fileRef = 43A876EC1A4472D600AD9CCD /* NTTheme.m */; };
		43A876F31A447A9800AD9CCD /* NTPoleView.m in Sources */ = {isa = PBXBuildFile; fileRef = 43A876F21A447A9800AD9CCD /* NTPoleView.m */; };
		43A876F61A4483B200AD9CCD /* NTFlagButton.m in Sources */ = {isa = PBXBuildFile; fileRef = 43A876F51A4483B200AD9CCD /* NTFlagButton.m */; };
		43A876F91A4483C000AD9CCD /* NTButton.m in Sources */ = {isa = PBXBuildFile; fileRef = 43A876F81A4483C000AD9CCD /* NTButton.m */; };
		43A876FD1A448E7B00AD9CCD /* NTDetailLabel.m in Sources */ = {isa = PBXBuildFile; fileRef = 43A876FC1A448E7B00AD9CCD /* NTDetailLabel.m */; };
		43BCFA5B1A51FF4900921AAF /* NTMessageView.xib in Resources */ = {isa = PBXBuildFile; fileRef = 43BCFA581A51FF4900921AAF /* NTMessageView.xib */; };
		43BCFA5C1A51FF4900921AAF /* NTMessageView.m in Sources */ = {isa = PBXBuildFile; fileRef = 43BCFA5A1A51FF4900921AAF /* NTMessageView.m */; };
		43BCFA6F1A52024300921AAF /* NSDictionary+ConvertValue.m in Sources */ = {isa = PBXBuildFile; fileRef = 43BCFA601A52024300921AAF /* NSDictionary+ConvertValue.m */; };
		43BCFA701A52024300921AAF /* NSDictionary+Null.m in Sources */ = {isa = PBXBuildFile; fileRef = 43BCFA621A52024300921AAF /* NSDictionary+Null.m */; };
		43BCFA711A52024300921AAF /* NTDataCollector.m in Sources */ = {isa = PBXBuildFile; fileRef = 43BCFA641A52024300921AAF /* NTDataCollector.m */; };
		43BCFA721A52024300921AAF /* LICENCE.txt in Resources */ = {isa = PBXBuildFile; fileRef = 43BCFA681A52024300921AAF /* LICENCE.txt */; };
		43BCFA731A52024300921AAF /* Reachability.m in Sources */ = {isa = PBXBuildFile; fileRef = 43BCFA6A1A52024300921AAF /* Reachability.m */; };
		43BCFA741A52024300921AAF /* UIActivityIndicatorView+NTShow.m in Sources */ = {isa = PBXBuildFile; fileRef = 43BCFA6C1A52024300921AAF /* UIActivityIndicatorView+NTShow.m */; };
		43BCFA751A52024300921AAF /* UIAlertView+NTShow.m in Sources */ = {isa = PBXBuildFile; fileRef = 43BCFA6E1A52024300921AAF /* UIAlertView+NTShow.m */; };
		43E327F31A480D4700E63E28 /* FilterView.xib in Resources */ = {isa = PBXBuildFile; fileRef = 43E327F21A480D4700E63E28 /* FilterView.xib */; };
		43E327F61A48133100E63E28 /* NTCopyrightLabel.m in Sources */ = {isa = PBXBuildFile; fileRef = 43E327F51A48133100E63E28 /* NTCopyrightLabel.m */; };
		43E327F71A48133500E63E28 /* NTCopyrightLabel.m in Sources */ = {isa = PBXBuildFile; fileRef = 43E327F51A48133100E63E28 /* NTCopyrightLabel.m */; };
		43E327FA1A481E7100E63E28 /* NTFilterContainer.m in Sources */ = {isa = PBXBuildFile; fileRef = 43E327F91A481E7100E63E28 /* NTFilterContainer.m */; };
		43F3A6A81A41809100F55C05 /* NTSchoolFilter.m in Sources */ = {isa = PBXBuildFile; fileRef = 43F3A6A71A41809100F55C05 /* NTSchoolFilter.m */; };
		43F57BD71A4017630081E4B0 /* Images.xcassets in Resources */ = {isa = PBXBuildFile; fileRef = 43F57BD61A4017630081E4B0 /* Images.xcassets */; };
		43F6016D1A45E85F0041B9C9 /* QuartzCore.framework in Frameworks */ = {isa = PBXBuildFile; fileRef = 43F6016C1A45E85F0041B9C9 /* QuartzCore.framework */; };
		43F6016F1A45E8640041B9C9 /* CoreGraphics.framework in Frameworks */ = {isa = PBXBuildFile; fileRef = 43F6016E1A45E8640041B9C9 /* CoreGraphics.framework */; };
/* End PBXBuildFile section */

/* Begin PBXContainerItemProxy section */
		431F85921A3E911E003DA6E9 /* PBXContainerItemProxy */ = {
			isa = PBXContainerItemProxy;
			containerPortal = 431F856D1A3E911D003DA6E9 /* Project object */;
			proxyType = 1;
			remoteGlobalIDString = 431F85741A3E911D003DA6E9;
			remoteInfo = seattle_schools;
		};
/* End PBXContainerItemProxy section */

/* Begin PBXFileReference section */
		4319BA711A47EA2900A4FEA8 /* MiddlePoleView.swift */ = {isa = PBXFileReference; fileEncoding = 4; lastKnownFileType = sourcecode.swift; path = MiddlePoleView.swift; sourceTree = "<group>"; };
		4319BAB31A47F55600A4FEA8 /* seattle_schools copy.app */ = {isa = PBXFileReference; explicitFileType = wrapper.application; includeInIndex = 0; path = "seattle_schools copy.app"; sourceTree = BUILT_PRODUCTS_DIR; };
		431F85751A3E911D003DA6E9 /* seattle_schools.app */ = {isa = PBXFileReference; explicitFileType = wrapper.application; includeInIndex = 0; path = seattle_schools.app; sourceTree = BUILT_PRODUCTS_DIR; };
		431F85791A3E911D003DA6E9 /* Info.plist */ = {isa = PBXFileReference; lastKnownFileType = text.plist.xml; path = Info.plist; sourceTree = "<group>"; };
		431F857A1A3E911D003DA6E9 /* main.m */ = {isa = PBXFileReference; lastKnownFileType = sourcecode.c.objc; path = main.m; sourceTree = "<group>"; };
		431F85861A3E911D003DA6E9 /* Base */ = {isa = PBXFileReference; lastKnownFileType = file.storyboard; name = Base; path = Base.lproj/Main.storyboard; sourceTree = "<group>"; };
		431F858B1A3E911D003DA6E9 /* Base */ = {isa = PBXFileReference; lastKnownFileType = file.xib; name = Base; path = Base.lproj/LaunchScreen.xib; sourceTree = "<group>"; };
		431F85911A3E911E003DA6E9 /* seattle_schoolsTests.xctest */ = {isa = PBXFileReference; explicitFileType = wrapper.cfbundle; includeInIndex = 0; path = seattle_schoolsTests.xctest; sourceTree = BUILT_PRODUCTS_DIR; };
		431F85961A3E911E003DA6E9 /* Info.plist */ = {isa = PBXFileReference; lastKnownFileType = text.plist.xml; path = Info.plist; sourceTree = "<group>"; };
		431F85971A3E911E003DA6E9 /* seattle_schoolsTests.m */ = {isa = PBXFileReference; lastKnownFileType = sourcecode.c.objc; path = seattle_schoolsTests.m; sourceTree = "<group>"; };
		431F85A61A3E9405003DA6E9 /* AppDelegate.h */ = {isa = PBXFileReference; fileEncoding = 4; lastKnownFileType = sourcecode.c.h; path = AppDelegate.h; sourceTree = "<group>"; };
		431F85A71A3E9405003DA6E9 /* AppDelegate.m */ = {isa = PBXFileReference; fileEncoding = 4; lastKnownFileType = sourcecode.c.objc; path = AppDelegate.m; sourceTree = "<group>"; };
		431F85A81A3E9405003DA6E9 /* NTDetailViewController.h */ = {isa = PBXFileReference; fileEncoding = 4; lastKnownFileType = sourcecode.c.h; path = NTDetailViewController.h; sourceTree = "<group>"; };
		431F85A91A3E9405003DA6E9 /* NTDetailViewController.m */ = {isa = PBXFileReference; fileEncoding = 4; lastKnownFileType = sourcecode.c.objc; path = NTDetailViewController.m; sourceTree = "<group>"; };
		431F85AA1A3E9405003DA6E9 /* NTHomeViewController.h */ = {isa = PBXFileReference; fileEncoding = 4; lastKnownFileType = sourcecode.c.h; path = NTHomeViewController.h; sourceTree = "<group>"; };
		431F85AB1A3E9405003DA6E9 /* NTHomeViewController.m */ = {isa = PBXFileReference; fileEncoding = 4; lastKnownFileType = sourcecode.c.objc; path = NTHomeViewController.m; sourceTree = "<group>"; };
		431F85B11A3E9430003DA6E9 /* seattle_schools.xcdatamodel */ = {isa = PBXFileReference; lastKnownFileType = wrapper.xcdatamodel; path = seattle_schools.xcdatamodel; sourceTree = "<group>"; };
		431F85E51A3E98B4003DA6E9 /* NTSchool.h */ = {isa = PBXFileReference; fileEncoding = 4; lastKnownFileType = sourcecode.c.h; path = NTSchool.h; sourceTree = "<group>"; };
		431F85E61A3E98B4003DA6E9 /* NTSchool.m */ = {isa = PBXFileReference; fileEncoding = 4; lastKnownFileType = sourcecode.c.objc; path = NTSchool.m; sourceTree = "<group>"; };
		431F85E81A3E9B44003DA6E9 /* NTJSONNetworkCollector+NTSeattle.h */ = {isa = PBXFileReference; fileEncoding = 4; lastKnownFileType = sourcecode.c.h; path = "NTJSONNetworkCollector+NTSeattle.h"; sourceTree = "<group>"; };
		431F85E91A3E9B44003DA6E9 /* NTJSONNetworkCollector+NTSeattle.m */ = {isa = PBXFileReference; fileEncoding = 4; lastKnownFileType = sourcecode.c.objc; path = "NTJSONNetworkCollector+NTSeattle.m"; sourceTree = "<group>"; };
		431F85EE1A3EA2A1003DA6E9 /* NTFilterViewController.h */ = {isa = PBXFileReference; fileEncoding = 4; lastKnownFileType = sourcecode.c.h; path = NTFilterViewController.h; sourceTree = "<group>"; };
		431F85EF1A3EA2A1003DA6E9 /* NTFilterViewController.m */ = {isa = PBXFileReference; fileEncoding = 4; lastKnownFileType = sourcecode.c.objc; path = NTFilterViewController.m; sourceTree = "<group>"; };
		431F85F11A3EA352003DA6E9 /* NTSchoolAnnotateView.h */ = {isa = PBXFileReference; fileEncoding = 4; lastKnownFileType = sourcecode.c.h; path = NTSchoolAnnotateView.h; sourceTree = "<group>"; };
		431F85F21A3EA352003DA6E9 /* NTSchoolAnnotateView.m */ = {isa = PBXFileReference; fileEncoding = 4; lastKnownFileType = sourcecode.c.objc; path = NTSchoolAnnotateView.m; sourceTree = "<group>"; };
		431F85F41A3EA588003DA6E9 /* MapKit.framework */ = {isa = PBXFileReference; lastKnownFileType = wrapper.framework; name = MapKit.framework; path = System/Library/Frameworks/MapKit.framework; sourceTree = SDKROOT; };
		431F85FD1A3EA756003DA6E9 /* CoreLocation.framework */ = {isa = PBXFileReference; lastKnownFileType = wrapper.framework; name = CoreLocation.framework; path = System/Library/Frameworks/CoreLocation.framework; sourceTree = SDKROOT; };
		431F85FF1A3EB738003DA6E9 /* NTLocationManager.h */ = {isa = PBXFileReference; fileEncoding = 4; lastKnownFileType = sourcecode.c.h; path = NTLocationManager.h; sourceTree = "<group>"; };
		431F86001A3EB738003DA6E9 /* NTLocationManager.m */ = {isa = PBXFileReference; fileEncoding = 4; lastKnownFileType = sourcecode.c.objc; path = NTLocationManager.m; sourceTree = "<group>"; };
		431F86021A3EDBB4003DA6E9 /* NTMapUtilities.h */ = {isa = PBXFileReference; fileEncoding = 4; lastKnownFileType = sourcecode.c.h; path = NTMapUtilities.h; sourceTree = "<group>"; };
		431F86051A3EDE1C003DA6E9 /* NTSchoolAnnotate.h */ = {isa = PBXFileReference; fileEncoding = 4; lastKnownFileType = sourcecode.c.h; path = NTSchoolAnnotate.h; sourceTree = "<group>"; };
		431F86061A3EDE1C003DA6E9 /* NTSchoolAnnotate.m */ = {isa = PBXFileReference; fileEncoding = 4; lastKnownFileType = sourcecode.c.objc; path = NTSchoolAnnotate.m; sourceTree = "<group>"; };
		4335B4871A41353B00825112 /* NTFilterProvider.h */ = {isa = PBXFileReference; fileEncoding = 4; lastKnownFileType = sourcecode.c.h; path = NTFilterProvider.h; sourceTree = "<group>"; };
		4336A1EA1A421B9C005BC764 /* NTJSONLocalCollector+NTSeattle.h */ = {isa = PBXFileReference; fileEncoding = 4; lastKnownFileType = sourcecode.c.h; path = "NTJSONLocalCollector+NTSeattle.h"; sourceTree = "<group>"; };
		4336A1EB1A421B9C005BC764 /* NTJSONLocalCollector+NTSeattle.m */ = {isa = PBXFileReference; fileEncoding = 4; lastKnownFileType = sourcecode.c.objc; path = "NTJSONLocalCollector+NTSeattle.m"; sourceTree = "<group>"; };
		4336A1ED1A422642005BC764 /* NTJSONNetworkCollector+Google.h */ = {isa = PBXFileReference; fileEncoding = 4; lastKnownFileType = sourcecode.c.h; path = "NTJSONNetworkCollector+Google.h"; sourceTree = "<group>"; };
		4336A1EE1A422642005BC764 /* NTJSONNetworkCollector+Google.m */ = {isa = PBXFileReference; fileEncoding = 4; lastKnownFileType = sourcecode.c.objc; path = "NTJSONNetworkCollector+Google.m"; sourceTree = "<group>"; };
		4336A1F01A429327005BC764 /* UIImage+NTExtra.h */ = {isa = PBXFileReference; fileEncoding = 4; lastKnownFileType = sourcecode.c.h; path = "UIImage+NTExtra.h"; sourceTree = "<group>"; };
		4336A1F11A429327005BC764 /* UIImage+NTExtra.m */ = {isa = PBXFileReference; fileEncoding = 4; lastKnownFileType = sourcecode.c.objc; path = "UIImage+NTExtra.m"; sourceTree = "<group>"; };
		4336A1F31A42A5F1005BC764 /* NTSchoolGroupAnnotation.h */ = {isa = PBXFileReference; fileEncoding = 4; lastKnownFileType = sourcecode.c.h; path = NTSchoolGroupAnnotation.h; sourceTree = "<group>"; };
		4336A1F41A42A5F1005BC764 /* NTSchoolGroupAnnotation.m */ = {isa = PBXFileReference; fileEncoding = 4; lastKnownFileType = sourcecode.c.objc; path = NTSchoolGroupAnnotation.m; sourceTree = "<group>"; };
		4336A1F61A42B29F005BC764 /* NTSchoolGradeTests.m */ = {isa = PBXFileReference; fileEncoding = 4; lastKnownFileType = sourcecode.c.objc; path = NTSchoolGradeTests.m; sourceTree = "<group>"; };
		435B713B1A420DBB00D39352 /* private_schools.json */ = {isa = PBXFileReference; fileEncoding = 4; lastKnownFileType = text.json; path = private_schools.json; sourceTree = "<group>"; };
		435B713C1A420DBB00D39352 /* public_schools.json */ = {isa = PBXFileReference; fileEncoding = 4; lastKnownFileType = text.json; path = public_schools.json; sourceTree = "<group>"; };
		435B713F1A420F3C00D39352 /* README.md */ = {isa = PBXFileReference; fileEncoding = 4; lastKnownFileType = net.daringfireball.markdown; path = README.md; sourceTree = "<group>"; };
		4367F2B71A46F3FD00B4E0D3 /* BCMeshBuffer.h */ = {isa = PBXFileReference; fileEncoding = 4; lastKnownFileType = sourcecode.c.h; path = BCMeshBuffer.h; sourceTree = "<group>"; };
		4367F2B81A46F3FD00B4E0D3 /* BCMeshBuffer.m */ = {isa = PBXFileReference; fileEncoding = 4; lastKnownFileType = sourcecode.c.objc; path = BCMeshBuffer.m; sourceTree = "<group>"; };
		4367F2B91A46F3FD00B4E0D3 /* BCMeshContentView.h */ = {isa = PBXFileReference; fileEncoding = 4; lastKnownFileType = sourcecode.c.h; path = BCMeshContentView.h; sourceTree = "<group>"; };
		4367F2BA1A46F3FD00B4E0D3 /* BCMeshContentView.m */ = {isa = PBXFileReference; fileEncoding = 4; lastKnownFileType = sourcecode.c.objc; path = BCMeshContentView.m; sourceTree = "<group>"; };
		4367F2BB1A46F3FD00B4E0D3 /* BCMeshShader.fsh */ = {isa = PBXFileReference; fileEncoding = 4; lastKnownFileType = sourcecode.glsl; path = BCMeshShader.fsh; sourceTree = "<group>"; };
		4367F2BC1A46F3FD00B4E0D3 /* BCMeshShader.h */ = {isa = PBXFileReference; fileEncoding = 4; lastKnownFileType = sourcecode.c.h; path = BCMeshShader.h; sourceTree = "<group>"; };
		4367F2BD1A46F3FD00B4E0D3 /* BCMeshShader.m */ = {isa = PBXFileReference; fileEncoding = 4; lastKnownFileType = sourcecode.c.objc; path = BCMeshShader.m; sourceTree = "<group>"; };
		4367F2BE1A46F3FD00B4E0D3 /* BCMeshShader.vsh */ = {isa = PBXFileReference; fileEncoding = 4; lastKnownFileType = sourcecode.glsl; path = BCMeshShader.vsh; sourceTree = "<group>"; };
		4367F2BF1A46F3FD00B4E0D3 /* BCMeshTexture.h */ = {isa = PBXFileReference; fileEncoding = 4; lastKnownFileType = sourcecode.c.h; path = BCMeshTexture.h; sourceTree = "<group>"; };
		4367F2C01A46F3FD00B4E0D3 /* BCMeshTexture.m */ = {isa = PBXFileReference; fileEncoding = 4; lastKnownFileType = sourcecode.c.objc; path = BCMeshTexture.m; sourceTree = "<group>"; };
		4367F2C11A46F3FD00B4E0D3 /* BCMeshTransform+DemoTransforms.h */ = {isa = PBXFileReference; fileEncoding = 4; lastKnownFileType = sourcecode.c.h; path = "BCMeshTransform+DemoTransforms.h"; sourceTree = "<group>"; };
		4367F2C21A46F3FD00B4E0D3 /* BCMeshTransform+DemoTransforms.m */ = {isa = PBXFileReference; fileEncoding = 4; lastKnownFileType = sourcecode.c.objc; path = "BCMeshTransform+DemoTransforms.m"; sourceTree = "<group>"; };
		4367F2C31A46F3FD00B4E0D3 /* BCMeshTransform+Interpolation.h */ = {isa = PBXFileReference; fileEncoding = 4; lastKnownFileType = sourcecode.c.h; path = "BCMeshTransform+Interpolation.h"; sourceTree = "<group>"; };
		4367F2C41A46F3FD00B4E0D3 /* BCMeshTransform+Interpolation.m */ = {isa = PBXFileReference; fileEncoding = 4; lastKnownFileType = sourcecode.c.objc; path = "BCMeshTransform+Interpolation.m"; sourceTree = "<group>"; };
		4367F2C51A46F3FD00B4E0D3 /* BCMeshTransform.h */ = {isa = PBXFileReference; fileEncoding = 4; lastKnownFileType = sourcecode.c.h; path = BCMeshTransform.h; sourceTree = "<group>"; };
		4367F2C61A46F3FD00B4E0D3 /* BCMeshTransform.mm */ = {isa = PBXFileReference; fileEncoding = 4; lastKnownFileType = sourcecode.cpp.objcpp; path = BCMeshTransform.mm; sourceTree = "<group>"; };
		4367F2C71A46F3FD00B4E0D3 /* BCMeshTransformAnimation.h */ = {isa = PBXFileReference; fileEncoding = 4; lastKnownFileType = sourcecode.c.h; path = BCMeshTransformAnimation.h; sourceTree = "<group>"; };
		4367F2C81A46F3FD00B4E0D3 /* BCMeshTransformAnimation.m */ = {isa = PBXFileReference; fileEncoding = 4; lastKnownFileType = sourcecode.c.objc; path = BCMeshTransformAnimation.m; sourceTree = "<group>"; };
		4367F2C91A46F3FD00B4E0D3 /* BCMeshTransformView.h */ = {isa = PBXFileReference; fileEncoding = 4; lastKnownFileType = sourcecode.c.h; path = BCMeshTransformView.h; sourceTree = "<group>"; };
		4367F2CA1A46F3FD00B4E0D3 /* BCMeshTransformView.m */ = {isa = PBXFileReference; fileEncoding = 4; lastKnownFileType = sourcecode.c.objc; path = BCMeshTransformView.m; sourceTree = "<group>"; };
		4367F2CB1A46F3FD00B4E0D3 /* BCMutableMeshTransform+Convenience.h */ = {isa = PBXFileReference; fileEncoding = 4; lastKnownFileType = sourcecode.c.h; path = "BCMutableMeshTransform+Convenience.h"; sourceTree = "<group>"; };
		4367F2CC1A46F3FD00B4E0D3 /* BCMutableMeshTransform+Convenience.m */ = {isa = PBXFileReference; fileEncoding = 4; lastKnownFileType = sourcecode.c.objc; path = "BCMutableMeshTransform+Convenience.m"; sourceTree = "<group>"; };
		4367F2D91A46F51E00B4E0D3 /* NTFilterTransformView.h */ = {isa = PBXFileReference; fileEncoding = 4; lastKnownFileType = sourcecode.c.h; path = NTFilterTransformView.h; sourceTree = "<group>"; };
		4367F2DA1A46F51E00B4E0D3 /* NTFilterTransformView.m */ = {isa = PBXFileReference; fileEncoding = 4; lastKnownFileType = sourcecode.c.objc; path = NTFilterTransformView.m; sourceTree = "<group>"; };
		4367F2DF1A470B7B00B4E0D3 /* seattle_schools-Bridging-Header.h */ = {isa = PBXFileReference; lastKnownFileType = sourcecode.c.h; path = "seattle_schools-Bridging-Header.h"; sourceTree = "<group>"; };
		4367F2E01A470B7C00B4E0D3 /* FilterView.swift */ = {isa = PBXFileReference; fileEncoding = 4; lastKnownFileType = sourcecode.swift; path = FilterView.swift; sourceTree = "<group>"; };
		4395BF041A47A8A2005E8CA2 /* CGRect+NTExtend.swift */ = {isa = PBXFileReference; fileEncoding = 4; lastKnownFileType = sourcecode.swift; path = "CGRect+NTExtend.swift"; sourceTree = "<group>"; };
		43A876E01A4469B900AD9CCD /* Caviar_Dreams_Bold.ttf */ = {isa = PBXFileReference; lastKnownFileType = file; path = Caviar_Dreams_Bold.ttf; sourceTree = "<group>"; };
		43A876E11A4469B900AD9CCD /* CaviarDreams.ttf */ = {isa = PBXFileReference; lastKnownFileType = file; path = CaviarDreams.ttf; sourceTree = "<group>"; };
		43A876E21A4469B900AD9CCD /* CaviarDreams_BoldItalic.ttf */ = {isa = PBXFileReference; lastKnownFileType = file; path = CaviarDreams_BoldItalic.ttf; sourceTree = "<group>"; };
		43A876E31A4469B900AD9CCD /* CaviarDreams_Italic.ttf */ = {isa = PBXFileReference; lastKnownFileType = file; path = CaviarDreams_Italic.ttf; sourceTree = "<group>"; };
		43A876E81A446B1F00AD9CCD /* NTNavigationBar.h */ = {isa = PBXFileReference; fileEncoding = 4; lastKnownFileType = sourcecode.c.h; path = NTNavigationBar.h; sourceTree = "<group>"; };
		43A876E91A446B1F00AD9CCD /* NTNavigationBar.m */ = {isa = PBXFileReference; fileEncoding = 4; lastKnownFileType = sourcecode.c.objc; path = NTNavigationBar.m; sourceTree = "<group>"; };
		43A876EB1A4472D600AD9CCD /* NTTheme.h */ = {isa = PBXFileReference; fileEncoding = 4; lastKnownFileType = sourcecode.c.h; path = NTTheme.h; sourceTree = "<group>"; };
		43A876EC1A4472D600AD9CCD /* NTTheme.m */ = {isa = PBXFileReference; fileEncoding = 4; lastKnownFileType = sourcecode.c.objc; path = NTTheme.m; sourceTree = "<group>"; };
		43A876F11A447A9800AD9CCD /* NTPoleView.h */ = {isa = PBXFileReference; fileEncoding = 4; lastKnownFileType = sourcecode.c.h; path = NTPoleView.h; sourceTree = "<group>"; };
		43A876F21A447A9800AD9CCD /* NTPoleView.m */ = {isa = PBXFileReference; fileEncoding = 4; lastKnownFileType = sourcecode.c.objc; path = NTPoleView.m; sourceTree = "<group>"; };
		43A876F41A4483B200AD9CCD /* NTFlagButton.h */ = {isa = PBXFileReference; fileEncoding = 4; lastKnownFileType = sourcecode.c.h; path = NTFlagButton.h; sourceTree = "<group>"; };
		43A876F51A4483B200AD9CCD /* NTFlagButton.m */ = {isa = PBXFileReference; fileEncoding = 4; lastKnownFileType = sourcecode.c.objc; path = NTFlagButton.m; sourceTree = "<group>"; };
		43A876F71A4483C000AD9CCD /* NTButton.h */ = {isa = PBXFileReference; fileEncoding = 4; lastKnownFileType = sourcecode.c.h; path = NTButton.h; sourceTree = "<group>"; };
		43A876F81A4483C000AD9CCD /* NTButton.m */ = {isa = PBXFileReference; fileEncoding = 4; lastKnownFileType = sourcecode.c.objc; path = NTButton.m; sourceTree = "<group>"; };
		43A876FB1A448E7B00AD9CCD /* NTDetailLabel.h */ = {isa = PBXFileReference; fileEncoding = 4; lastKnownFileType = sourcecode.c.h; path = NTDetailLabel.h; sourceTree = "<group>"; };
		43A876FC1A448E7B00AD9CCD /* NTDetailLabel.m */ = {isa = PBXFileReference; fileEncoding = 4; lastKnownFileType = sourcecode.c.objc; path = NTDetailLabel.m; sourceTree = "<group>"; };
		43BCFA581A51FF4900921AAF /* NTMessageView.xib */ = {isa = PBXFileReference; fileEncoding = 4; lastKnownFileType = file.xib; name = NTMessageView.xib; path = ../../Sources/NTMessageView.xib; sourceTree = "<group>"; };
		43BCFA591A51FF4900921AAF /* NTMessageView.h */ = {isa = PBXFileReference; fileEncoding = 4; lastKnownFileType = sourcecode.c.h; path = NTMessageView.h; sourceTree = "<group>"; };
		43BCFA5A1A51FF4900921AAF /* NTMessageView.m */ = {isa = PBXFileReference; fileEncoding = 4; lastKnownFileType = sourcecode.c.objc; path = NTMessageView.m; sourceTree = "<group>"; };
		43BCFA5F1A52024300921AAF /* NSDictionary+ConvertValue.h */ = {isa = PBXFileReference; fileEncoding = 4; lastKnownFileType = sourcecode.c.h; path = "NSDictionary+ConvertValue.h"; sourceTree = "<group>"; };
		43BCFA601A52024300921AAF /* NSDictionary+ConvertValue.m */ = {isa = PBXFileReference; fileEncoding = 4; lastKnownFileType = sourcecode.c.objc; path = "NSDictionary+ConvertValue.m"; sourceTree = "<group>"; };
		43BCFA611A52024300921AAF /* NSDictionary+Null.h */ = {isa = PBXFileReference; fileEncoding = 4; lastKnownFileType = sourcecode.c.h; path = "NSDictionary+Null.h"; sourceTree = "<group>"; };
		43BCFA621A52024300921AAF /* NSDictionary+Null.m */ = {isa = PBXFileReference; fileEncoding = 4; lastKnownFileType = sourcecode.c.objc; path = "NSDictionary+Null.m"; sourceTree = "<group>"; };
		43BCFA631A52024300921AAF /* NTDataCollector.h */ = {isa = PBXFileReference; fileEncoding = 4; lastKnownFileType = sourcecode.c.h; path = NTDataCollector.h; sourceTree = "<group>"; };
		43BCFA641A52024300921AAF /* NTDataCollector.m */ = {isa = PBXFileReference; fileEncoding = 4; lastKnownFileType = sourcecode.c.objc; path = NTDataCollector.m; sourceTree = "<group>"; };
		43BCFA651A52024300921AAF /* NTGlobal.h */ = {isa = PBXFileReference; fileEncoding = 4; lastKnownFileType = sourcecode.c.h; path = NTGlobal.h; sourceTree = "<group>"; };
		43BCFA661A52024300921AAF /* NTMath.h */ = {isa = PBXFileReference; fileEncoding = 4; lastKnownFileType = sourcecode.c.h; path = NTMath.h; sourceTree = "<group>"; };
		43BCFA681A52024300921AAF /* LICENCE.txt */ = {isa = PBXFileReference; fileEncoding = 4; lastKnownFileType = text; path = LICENCE.txt; sourceTree = "<group>"; };
		43BCFA691A52024300921AAF /* Reachability.h */ = {isa = PBXFileReference; fileEncoding = 4; lastKnownFileType = sourcecode.c.h; path = Reachability.h; sourceTree = "<group>"; };
		43BCFA6A1A52024300921AAF /* Reachability.m */ = {isa = PBXFileReference; fileEncoding = 4; lastKnownFileType = sourcecode.c.objc; path = Reachability.m; sourceTree = "<group>"; };
		43BCFA6B1A52024300921AAF /* UIActivityIndicatorView+NTShow.h */ = {isa = PBXFileReference; fileEncoding = 4; lastKnownFileType = sourcecode.c.h; path = "UIActivityIndicatorView+NTShow.h"; sourceTree = "<group>"; };
		43BCFA6C1A52024300921AAF /* UIActivityIndicatorView+NTShow.m */ = {isa = PBXFileReference; fileEncoding = 4; lastKnownFileType = sourcecode.c.objc; path = "UIActivityIndicatorView+NTShow.m"; sourceTree = "<group>"; };
		43BCFA6D1A52024300921AAF /* UIAlertView+NTShow.h */ = {isa = PBXFileReference; fileEncoding = 4; lastKnownFileType = sourcecode.c.h; path = "UIAlertView+NTShow.h"; sourceTree = "<group>"; };
		43BCFA6E1A52024300921AAF /* UIAlertView+NTShow.m */ = {isa = PBXFileReference; fileEncoding = 4; lastKnownFileType = sourcecode.c.objc; path = "UIAlertView+NTShow.m"; sourceTree = "<group>"; };
		43E327F21A480D4700E63E28 /* FilterView.xib */ = {isa = PBXFileReference; fileEncoding = 4; lastKnownFileType = file.xib; path = FilterView.xib; sourceTree = "<group>"; };
		43E327F41A48133100E63E28 /* NTCopyrightLabel.h */ = {isa = PBXFileReference; fileEncoding = 4; lastKnownFileType = sourcecode.c.h; path = NTCopyrightLabel.h; sourceTree = "<group>"; };
		43E327F51A48133100E63E28 /* NTCopyrightLabel.m */ = {isa = PBXFileReference; fileEncoding = 4; lastKnownFileType = sourcecode.c.objc; path = NTCopyrightLabel.m; sourceTree = "<group>"; };
		43E327F81A481E7100E63E28 /* NTFilterContainer.h */ = {isa = PBXFileReference; fileEncoding = 4; lastKnownFileType = sourcecode.c.h; path = NTFilterContainer.h; sourceTree = "<group>"; };
		43E327F91A481E7100E63E28 /* NTFilterContainer.m */ = {isa = PBXFileReference; fileEncoding = 4; lastKnownFileType = sourcecode.c.objc; path = NTFilterContainer.m; sourceTree = "<group>"; };
		43F3A6A61A41809100F55C05 /* NTSchoolFilter.h */ = {isa = PBXFileReference; fileEncoding = 4; lastKnownFileType = sourcecode.c.h; path = NTSchoolFilter.h; sourceTree = "<group>"; };
		43F3A6A71A41809100F55C05 /* NTSchoolFilter.m */ = {isa = PBXFileReference; fileEncoding = 4; lastKnownFileType = sourcecode.c.objc; path = NTSchoolFilter.m; sourceTree = "<group>"; };
		43F57BD61A4017630081E4B0 /* Images.xcassets */ = {isa = PBXFileReference; lastKnownFileType = folder.assetcatalog; path = Images.xcassets; sourceTree = "<group>"; };
		43F6016C1A45E85F0041B9C9 /* QuartzCore.framework */ = {isa = PBXFileReference; lastKnownFileType = wrapper.framework; name = QuartzCore.framework; path = System/Library/Frameworks/QuartzCore.framework; sourceTree = SDKROOT; };
		43F6016E1A45E8640041B9C9 /* CoreGraphics.framework */ = {isa = PBXFileReference; lastKnownFileType = wrapper.framework; name = CoreGraphics.framework; path = System/Library/Frameworks/CoreGraphics.framework; sourceTree = SDKROOT; };
/* End PBXFileReference section */

/* Begin PBXFrameworksBuildPhase section */
		4319BA9E1A47F55600A4FEA8 /* Frameworks */ = {
			isa = PBXFrameworksBuildPhase;
			buildActionMask = 2147483647;
			files = (
				4319BA9F1A47F55600A4FEA8 /* CoreGraphics.framework in Frameworks */,
				4319BAA01A47F55600A4FEA8 /* QuartzCore.framework in Frameworks */,
				4319BAA11A47F55600A4FEA8 /* CoreLocation.framework in Frameworks */,
				4319BAA21A47F55600A4FEA8 /* MapKit.framework in Frameworks */,
			);
			runOnlyForDeploymentPostprocessing = 0;
		};
		431F85721A3E911D003DA6E9 /* Frameworks */ = {
			isa = PBXFrameworksBuildPhase;
			buildActionMask = 2147483647;
			files = (
				43F6016F1A45E8640041B9C9 /* CoreGraphics.framework in Frameworks */,
				43F6016D1A45E85F0041B9C9 /* QuartzCore.framework in Frameworks */,
				431F85FE1A3EA756003DA6E9 /* CoreLocation.framework in Frameworks */,
				431F85F51A3EA588003DA6E9 /* MapKit.framework in Frameworks */,
			);
			runOnlyForDeploymentPostprocessing = 0;
		};
		431F858E1A3E911E003DA6E9 /* Frameworks */ = {
			isa = PBXFrameworksBuildPhase;
			buildActionMask = 2147483647;
			files = (
			);
			runOnlyForDeploymentPostprocessing = 0;
		};
/* End PBXFrameworksBuildPhase section */

/* Begin PBXGroup section */
		431F856C1A3E911D003DA6E9 = {
			isa = PBXGroup;
			children = (
				435B713F1A420F3C00D39352 /* README.md */,
				431F85FC1A3EA749003DA6E9 /* Frameworks */,
				431F85771A3E911D003DA6E9 /* seattle_schools */,
				431F85941A3E911E003DA6E9 /* seattle_schoolsTests */,
				431F85761A3E911D003DA6E9 /* Products */,
			);
			sourceTree = "<group>";
		};
		431F85761A3E911D003DA6E9 /* Products */ = {
			isa = PBXGroup;
			children = (
				431F85751A3E911D003DA6E9 /* seattle_schools.app */,
				431F85911A3E911E003DA6E9 /* seattle_schoolsTests.xctest */,
				4319BAB31A47F55600A4FEA8 /* seattle_schools copy.app */,
			);
			name = Products;
			sourceTree = "<group>";
		};
		431F85771A3E911D003DA6E9 /* seattle_schools */ = {
			isa = PBXGroup;
			children = (
				431F85A41A3E9405003DA6E9 /* Resources */,
				431F85A51A3E9405003DA6E9 /* Sources */,
				431F85851A3E911D003DA6E9 /* Main.storyboard */,
				431F858A1A3E911D003DA6E9 /* LaunchScreen.xib */,
				43F57BD61A4017630081E4B0 /* Images.xcassets */,
				431F85781A3E911D003DA6E9 /* Supporting Files */,
			);
			path = seattle_schools;
			sourceTree = "<group>";
		};
		431F85781A3E911D003DA6E9 /* Supporting Files */ = {
			isa = PBXGroup;
			children = (
				431F85791A3E911D003DA6E9 /* Info.plist */,
				431F857A1A3E911D003DA6E9 /* main.m */,
			);
			name = "Supporting Files";
			sourceTree = "<group>";
		};
		431F85941A3E911E003DA6E9 /* seattle_schoolsTests */ = {
			isa = PBXGroup;
			children = (
				4336A1F61A42B29F005BC764 /* NTSchoolGradeTests.m */,
				431F85971A3E911E003DA6E9 /* seattle_schoolsTests.m */,
				431F85951A3E911E003DA6E9 /* Supporting Files */,
			);
			path = seattle_schoolsTests;
			sourceTree = "<group>";
		};
		431F85951A3E911E003DA6E9 /* Supporting Files */ = {
			isa = PBXGroup;
			children = (
				431F85961A3E911E003DA6E9 /* Info.plist */,
			);
			name = "Supporting Files";
			sourceTree = "<group>";
		};
		431F85A41A3E9405003DA6E9 /* Resources */ = {
			isa = PBXGroup;
			children = (
				4367F2DC1A46F9A200B4E0D3 /* Xibs */,
				43A876DF1A4469B900AD9CCD /* Fonts */,
				431F86081A3EE05A003DA6E9 /* Images */,
				431F85F91A3EA694003DA6E9 /* Json */,
				431F85AF1A3E9430003DA6E9 /* Datamodels */,
			);
			path = Resources;
			sourceTree = "<group>";
		};
		431F85A51A3E9405003DA6E9 /* Sources */ = {
			isa = PBXGroup;
			children = (
				43BCFA5D1A52024300921AAF /* NTLibrary */,
				4367F2B61A46F3FD00B4E0D3 /* BCMeshTransformView */,
				43A876FA1A448D9800AD9CCD /* Views & Themes */,
				43F57BDC1A40267D0081E4B0 /* Models & Others */,
				43F57BDB1A4026750081E4B0 /* View Controllers */,
				431F85A61A3E9405003DA6E9 /* AppDelegate.h */,
				431F85A71A3E9405003DA6E9 /* AppDelegate.m */,
			);
			path = Sources;
			sourceTree = "<group>";
		};
		431F85AF1A3E9430003DA6E9 /* Datamodels */ = {
			isa = PBXGroup;
			children = (
				431F85B01A3E9430003DA6E9 /* seattle_schools.xcdatamodeld */,
			);
			path = Datamodels;
			sourceTree = "<group>";
		};
		431F85F91A3EA694003DA6E9 /* Json */ = {
			isa = PBXGroup;
			children = (
				435B713B1A420DBB00D39352 /* private_schools.json */,
				435B713C1A420DBB00D39352 /* public_schools.json */,
			);
			path = Json;
			sourceTree = "<group>";
		};
		431F85FC1A3EA749003DA6E9 /* Frameworks */ = {
			isa = PBXGroup;
			children = (
				43F6016E1A45E8640041B9C9 /* CoreGraphics.framework */,
				43F6016C1A45E85F0041B9C9 /* QuartzCore.framework */,
				431F85FD1A3EA756003DA6E9 /* CoreLocation.framework */,
				431F85F41A3EA588003DA6E9 /* MapKit.framework */,
			);
			name = Frameworks;
			sourceTree = "<group>";
		};
		431F86081A3EE05A003DA6E9 /* Images */ = {
			isa = PBXGroup;
			children = (
			);
			path = Images;
			sourceTree = "<group>";
		};
		4367F2B61A46F3FD00B4E0D3 /* BCMeshTransformView */ = {
			isa = PBXGroup;
			children = (
				4367F2B71A46F3FD00B4E0D3 /* BCMeshBuffer.h */,
				4367F2B81A46F3FD00B4E0D3 /* BCMeshBuffer.m */,
				4367F2B91A46F3FD00B4E0D3 /* BCMeshContentView.h */,
				4367F2BA1A46F3FD00B4E0D3 /* BCMeshContentView.m */,
				4367F2BB1A46F3FD00B4E0D3 /* BCMeshShader.fsh */,
				4367F2BC1A46F3FD00B4E0D3 /* BCMeshShader.h */,
				4367F2BD1A46F3FD00B4E0D3 /* BCMeshShader.m */,
				4367F2BE1A46F3FD00B4E0D3 /* BCMeshShader.vsh */,
				4367F2BF1A46F3FD00B4E0D3 /* BCMeshTexture.h */,
				4367F2C01A46F3FD00B4E0D3 /* BCMeshTexture.m */,
				4367F2C11A46F3FD00B4E0D3 /* BCMeshTransform+DemoTransforms.h */,
				4367F2C21A46F3FD00B4E0D3 /* BCMeshTransform+DemoTransforms.m */,
				4367F2C31A46F3FD00B4E0D3 /* BCMeshTransform+Interpolation.h */,
				4367F2C41A46F3FD00B4E0D3 /* BCMeshTransform+Interpolation.m */,
				4367F2C51A46F3FD00B4E0D3 /* BCMeshTransform.h */,
				4367F2C61A46F3FD00B4E0D3 /* BCMeshTransform.mm */,
				4367F2C71A46F3FD00B4E0D3 /* BCMeshTransformAnimation.h */,
				4367F2C81A46F3FD00B4E0D3 /* BCMeshTransformAnimation.m */,
				4367F2C91A46F3FD00B4E0D3 /* BCMeshTransformView.h */,
				4367F2CA1A46F3FD00B4E0D3 /* BCMeshTransformView.m */,
				4367F2CB1A46F3FD00B4E0D3 /* BCMutableMeshTransform+Convenience.h */,
				4367F2CC1A46F3FD00B4E0D3 /* BCMutableMeshTransform+Convenience.m */,
			);
			path = BCMeshTransformView;
			sourceTree = "<group>";
		};
		4367F2DC1A46F9A200B4E0D3 /* Xibs */ = {
			isa = PBXGroup;
			children = (
				43E327F21A480D4700E63E28 /* FilterView.xib */,
				43BCFA581A51FF4900921AAF /* NTMessageView.xib */,
			);
			path = Xibs;
			sourceTree = "<group>";
		};
		43A876DF1A4469B900AD9CCD /* Fonts */ = {
			isa = PBXGroup;
			children = (
				43A876E01A4469B900AD9CCD /* Caviar_Dreams_Bold.ttf */,
				43A876E11A4469B900AD9CCD /* CaviarDreams.ttf */,
				43A876E21A4469B900AD9CCD /* CaviarDreams_BoldItalic.ttf */,
				43A876E31A4469B900AD9CCD /* CaviarDreams_Italic.ttf */,
			);
			path = Fonts;
			sourceTree = "<group>";
		};
		43A876FA1A448D9800AD9CCD /* Views & Themes */ = {
			isa = PBXGroup;
			children = (
				43A876E81A446B1F00AD9CCD /* NTNavigationBar.h */,
				43A876E91A446B1F00AD9CCD /* NTNavigationBar.m */,
				43A876EB1A4472D600AD9CCD /* NTTheme.h */,
				43A876EC1A4472D600AD9CCD /* NTTheme.m */,
				43A876F11A447A9800AD9CCD /* NTPoleView.h */,
				43A876F21A447A9800AD9CCD /* NTPoleView.m */,
				43A876F41A4483B200AD9CCD /* NTFlagButton.h */,
				43A876F51A4483B200AD9CCD /* NTFlagButton.m */,
				43A876F71A4483C000AD9CCD /* NTButton.h */,
				43A876F81A4483C000AD9CCD /* NTButton.m */,
				431F85F11A3EA352003DA6E9 /* NTSchoolAnnotateView.h */,
				431F85F21A3EA352003DA6E9 /* NTSchoolAnnotateView.m */,
				43A876FB1A448E7B00AD9CCD /* NTDetailLabel.h */,
				43A876FC1A448E7B00AD9CCD /* NTDetailLabel.m */,
				4367F2D91A46F51E00B4E0D3 /* NTFilterTransformView.h */,
				4367F2DA1A46F51E00B4E0D3 /* NTFilterTransformView.m */,
				4367F2E01A470B7C00B4E0D3 /* FilterView.swift */,
				4319BA711A47EA2900A4FEA8 /* MiddlePoleView.swift */,
				4367F2DF1A470B7B00B4E0D3 /* seattle_schools-Bridging-Header.h */,
				4395BF041A47A8A2005E8CA2 /* CGRect+NTExtend.swift */,
				43E327F41A48133100E63E28 /* NTCopyrightLabel.h */,
				43E327F51A48133100E63E28 /* NTCopyrightLabel.m */,
				43E327F81A481E7100E63E28 /* NTFilterContainer.h */,
				43E327F91A481E7100E63E28 /* NTFilterContainer.m */,
				43BCFA591A51FF4900921AAF /* NTMessageView.h */,
				43BCFA5A1A51FF4900921AAF /* NTMessageView.m */,
			);
			name = "Views & Themes";
			sourceTree = "<group>";
		};
		43BCFA5D1A52024300921AAF /* NTLibrary */ = {
			isa = PBXGroup;
			children = (
				43BCFA5E1A52024300921AAF /* Helpers */,
			);
			path = NTLibrary;
			sourceTree = "<group>";
		};
		43BCFA5E1A52024300921AAF /* Helpers */ = {
			isa = PBXGroup;
			children = (
				43BCFA5F1A52024300921AAF /* NSDictionary+ConvertValue.h */,
				43BCFA601A52024300921AAF /* NSDictionary+ConvertValue.m */,
				43BCFA611A52024300921AAF /* NSDictionary+Null.h */,
				43BCFA621A52024300921AAF /* NSDictionary+Null.m */,
				43BCFA631A52024300921AAF /* NTDataCollector.h */,
				43BCFA641A52024300921AAF /* NTDataCollector.m */,
				43BCFA651A52024300921AAF /* NTGlobal.h */,
				43BCFA661A52024300921AAF /* NTMath.h */,
				43BCFA671A52024300921AAF /* Reachability */,
				43BCFA6B1A52024300921AAF /* UIActivityIndicatorView+NTShow.h */,
				43BCFA6C1A52024300921AAF /* UIActivityIndicatorView+NTShow.m */,
				43BCFA6D1A52024300921AAF /* UIAlertView+NTShow.h */,
				43BCFA6E1A52024300921AAF /* UIAlertView+NTShow.m */,
			);
			path = Helpers;
			sourceTree = "<group>";
		};
		43BCFA671A52024300921AAF /* Reachability */ = {
			isa = PBXGroup;
			children = (
				43BCFA681A52024300921AAF /* LICENCE.txt */,
				43BCFA691A52024300921AAF /* Reachability.h */,
				43BCFA6A1A52024300921AAF /* Reachability.m */,
			);
			path = Reachability;
			sourceTree = "<group>";
		};
		43F57BDB1A4026750081E4B0 /* View Controllers */ = {
			isa = PBXGroup;
			children = (
				431F85EE1A3EA2A1003DA6E9 /* NTFilterViewController.h */,
				431F85EF1A3EA2A1003DA6E9 /* NTFilterViewController.m */,
				431F85A81A3E9405003DA6E9 /* NTDetailViewController.h */,
				431F85A91A3E9405003DA6E9 /* NTDetailViewController.m */,
				431F85AA1A3E9405003DA6E9 /* NTHomeViewController.h */,
				431F85AB1A3E9405003DA6E9 /* NTHomeViewController.m */,
			);
			name = "View Controllers";
			sourceTree = "<group>";
		};
		43F57BDC1A40267D0081E4B0 /* Models & Others */ = {
			isa = PBXGroup;
			children = (
				431F85FF1A3EB738003DA6E9 /* NTLocationManager.h */,
				431F86001A3EB738003DA6E9 /* NTLocationManager.m */,
				431F86021A3EDBB4003DA6E9 /* NTMapUtilities.h */,
				431F86051A3EDE1C003DA6E9 /* NTSchoolAnnotate.h */,
				431F86061A3EDE1C003DA6E9 /* NTSchoolAnnotate.m */,
				4335B4871A41353B00825112 /* NTFilterProvider.h */,
				43F3A6A61A41809100F55C05 /* NTSchoolFilter.h */,
				43F3A6A71A41809100F55C05 /* NTSchoolFilter.m */,
				4336A1EA1A421B9C005BC764 /* NTJSONLocalCollector+NTSeattle.h */,
				4336A1EB1A421B9C005BC764 /* NTJSONLocalCollector+NTSeattle.m */,
				4336A1ED1A422642005BC764 /* NTJSONNetworkCollector+Google.h */,
				4336A1EE1A422642005BC764 /* NTJSONNetworkCollector+Google.m */,
				4336A1F01A429327005BC764 /* UIImage+NTExtra.h */,
				4336A1F11A429327005BC764 /* UIImage+NTExtra.m */,
				4336A1F31A42A5F1005BC764 /* NTSchoolGroupAnnotation.h */,
				4336A1F41A42A5F1005BC764 /* NTSchoolGroupAnnotation.m */,
				431F85E81A3E9B44003DA6E9 /* NTJSONNetworkCollector+NTSeattle.h */,
				431F85E91A3E9B44003DA6E9 /* NTJSONNetworkCollector+NTSeattle.m */,
				431F85E51A3E98B4003DA6E9 /* NTSchool.h */,
				431F85E61A3E98B4003DA6E9 /* NTSchool.m */,
			);
			name = "Models & Others";
			sourceTree = "<group>";
		};
/* End PBXGroup section */

/* Begin PBXNativeTarget section */
		4319BA731A47F55600A4FEA8 /* seattle_schools-release */ = {
			isa = PBXNativeTarget;
			buildConfigurationList = 4319BAB01A47F55600A4FEA8 /* Build configuration list for PBXNativeTarget "seattle_schools-release" */;
			buildPhases = (
				4319BA741A47F55600A4FEA8 /* Sources */,
				4319BA9E1A47F55600A4FEA8 /* Frameworks */,
				4319BAA31A47F55600A4FEA8 /* Resources */,
			);
			buildRules = (
			);
			dependencies = (
			);
			name = "seattle_schools-release";
			productName = seattle_schools;
			productReference = 4319BAB31A47F55600A4FEA8 /* seattle_schools copy.app */;
			productType = "com.apple.product-type.application";
		};
		431F85741A3E911D003DA6E9 /* seattle_schools */ = {
			isa = PBXNativeTarget;
			buildConfigurationList = 431F859B1A3E911E003DA6E9 /* Build configuration list for PBXNativeTarget "seattle_schools" */;
			buildPhases = (
				431F85711A3E911D003DA6E9 /* Sources */,
				431F85721A3E911D003DA6E9 /* Frameworks */,
				431F85731A3E911D003DA6E9 /* Resources */,
			);
			buildRules = (
			);
			dependencies = (
			);
			name = seattle_schools;
			productName = seattle_schools;
			productReference = 431F85751A3E911D003DA6E9 /* seattle_schools.app */;
			productType = "com.apple.product-type.application";
		};
		431F85901A3E911E003DA6E9 /* seattle_schoolsTests */ = {
			isa = PBXNativeTarget;
			buildConfigurationList = 431F859E1A3E911E003DA6E9 /* Build configuration list for PBXNativeTarget "seattle_schoolsTests" */;
			buildPhases = (
				431F858D1A3E911E003DA6E9 /* Sources */,
				431F858E1A3E911E003DA6E9 /* Frameworks */,
				431F858F1A3E911E003DA6E9 /* Resources */,
			);
			buildRules = (
			);
			dependencies = (
				431F85931A3E911E003DA6E9 /* PBXTargetDependency */,
			);
			name = seattle_schoolsTests;
			productName = seattle_schoolsTests;
			productReference = 431F85911A3E911E003DA6E9 /* seattle_schoolsTests.xctest */;
			productType = "com.apple.product-type.bundle.unit-test";
		};
/* End PBXNativeTarget section */

/* Begin PBXProject section */
		431F856D1A3E911D003DA6E9 /* Project object */ = {
			isa = PBXProject;
			attributes = {
				CLASSPREFIX = NT;
				LastUpgradeCheck = 0610;
				ORGANIZATIONNAME = ifcantel;
				TargetAttributes = {
					431F85741A3E911D003DA6E9 = {
						CreatedOnToolsVersion = 6.1;
						DevelopmentTeam = 6YT7SBM827;
					};
					431F85901A3E911E003DA6E9 = {
						CreatedOnToolsVersion = 6.1;
						TestTargetID = 431F85741A3E911D003DA6E9;
					};
				};
			};
			buildConfigurationList = 431F85701A3E911D003DA6E9 /* Build configuration list for PBXProject "seattle_schools" */;
			compatibilityVersion = "Xcode 3.2";
			developmentRegion = English;
			hasScannedForEncodings = 0;
			knownRegions = (
				en,
				Base,
			);
			mainGroup = 431F856C1A3E911D003DA6E9;
			productRefGroup = 431F85761A3E911D003DA6E9 /* Products */;
			projectDirPath = "";
			projectRoot = "";
			targets = (
				431F85741A3E911D003DA6E9 /* seattle_schools */,
				4319BA731A47F55600A4FEA8 /* seattle_schools-release */,
				431F85901A3E911E003DA6E9 /* seattle_schoolsTests */,
			);
		};
/* End PBXProject section */

/* Begin PBXResourcesBuildPhase section */
		4319BAA31A47F55600A4FEA8 /* Resources */ = {
			isa = PBXResourcesBuildPhase;
			buildActionMask = 2147483647;
			files = (
				4319BAA41A47F55600A4FEA8 /* Main.storyboard in Resources */,
				4319BAA51A47F55600A4FEA8 /* CaviarDreams_Italic.ttf in Resources */,
				4319BAA61A47F55600A4FEA8 /* private_schools.json in Resources */,
				4319BAA71A47F55600A4FEA8 /* Images.xcassets in Resources */,
				4319BAA81A47F55600A4FEA8 /* CaviarDreams.ttf in Resources */,
				4319BAA91A47F55600A4FEA8 /* Caviar_Dreams_Bold.ttf in Resources */,
				4319BAAA1A47F55600A4FEA8 /* LaunchScreen.xib in Resources */,
				4319BAAB1A47F55600A4FEA8 /* public_schools.json in Resources */,
				4319BAAD1A47F55600A4FEA8 /* BCMeshShader.vsh in Resources */,
				4319BAAE1A47F55600A4FEA8 /* BCMeshShader.fsh in Resources */,
				4319BAAF1A47F55600A4FEA8 /* CaviarDreams_BoldItalic.ttf in Resources */,
			);
			runOnlyForDeploymentPostprocessing = 0;
		};
		431F85731A3E911D003DA6E9 /* Resources */ = {
			isa = PBXResourcesBuildPhase;
			buildActionMask = 2147483647;
			files = (
				431F85871A3E911D003DA6E9 /* Main.storyboard in Resources */,
				43E327F31A480D4700E63E28 /* FilterView.xib in Resources */,
				43A876E71A4469B900AD9CCD /* CaviarDreams_Italic.ttf in Resources */,
				435B713D1A420DBB00D39352 /* private_schools.json in Resources */,
				43BCFA721A52024300921AAF /* LICENCE.txt in Resources */,
				43F57BD71A4017630081E4B0 /* Images.xcassets in Resources */,
				43BCFA5B1A51FF4900921AAF /* NTMessageView.xib in Resources */,
				43A876E51A4469B900AD9CCD /* CaviarDreams.ttf in Resources */,
				43A876E41A4469B900AD9CCD /* Caviar_Dreams_Bold.ttf in Resources */,
				431F858C1A3E911D003DA6E9 /* LaunchScreen.xib in Resources */,
				435B713E1A420DBB00D39352 /* public_schools.json in Resources */,
				4367F2D11A46F3FD00B4E0D3 /* BCMeshShader.vsh in Resources */,
				4367F2CF1A46F3FD00B4E0D3 /* BCMeshShader.fsh in Resources */,
				43A876E61A4469B900AD9CCD /* CaviarDreams_BoldItalic.ttf in Resources */,
			);
			runOnlyForDeploymentPostprocessing = 0;
		};
		431F858F1A3E911E003DA6E9 /* Resources */ = {
			isa = PBXResourcesBuildPhase;
			buildActionMask = 2147483647;
			files = (
			);
			runOnlyForDeploymentPostprocessing = 0;
		};
/* End PBXResourcesBuildPhase section */

/* Begin PBXSourcesBuildPhase section */
		4319BA741A47F55600A4FEA8 /* Sources */ = {
			isa = PBXSourcesBuildPhase;
			buildActionMask = 2147483647;
			files = (
				4319BA751A47F55600A4FEA8 /* NTTheme.m in Sources */,
				4319BA761A47F55600A4FEA8 /* NTJSONNetworkCollector+NTSeattle.m in Sources */,
				4319BA771A47F55600A4FEA8 /* NTDetailLabel.m in Sources */,
				4319BA781A47F55600A4FEA8 /* BCMeshTransform+DemoTransforms.m in Sources */,
				4319BA791A47F55600A4FEA8 /* BCMeshTransform+Interpolation.m in Sources */,
				4319BA7A1A47F55600A4FEA8 /* NTButton.m in Sources */,
				4319BA7C1A47F55600A4FEA8 /* BCMeshShader.m in Sources */,
				4319BA7D1A47F55600A4FEA8 /* seattle_schools.xcdatamodeld in Sources */,
				4319BA7E1A47F55600A4FEA8 /* NTFlagButton.m in Sources */,
				4319BA7F1A47F55600A4FEA8 /* NTLocationManager.m in Sources */,
				4319BA801A47F55600A4FEA8 /* NTFilterTransformView.m in Sources */,
				4319BA811A47F55600A4FEA8 /* BCMeshTransformView.m in Sources */,
				4319BA821A47F55600A4FEA8 /* CGRect+NTExtend.swift in Sources */,
				4319BA831A47F55600A4FEA8 /* FilterView.swift in Sources */,
				4319BA841A47F55600A4FEA8 /* NTSchoolAnnotate.m in Sources */,
				4319BA851A47F55600A4FEA8 /* NTHomeViewController.m in Sources */,
				4319BA861A47F55600A4FEA8 /* BCMeshTransform.mm in Sources */,
				4319BA871A47F55600A4FEA8 /* BCMeshTransformAnimation.m in Sources */,
				4319BA881A47F55600A4FEA8 /* main.m in Sources */,
				4319BA891A47F55600A4FEA8 /* BCMeshTexture.m in Sources */,
				4319BA8A1A47F55600A4FEA8 /* MiddlePoleView.swift in Sources */,
				4319BA8B1A47F55600A4FEA8 /* AppDelegate.m in Sources */,
				4319BA8C1A47F55600A4FEA8 /* NTJSONLocalCollector+NTSeattle.m in Sources */,
				4319BA8D1A47F55600A4FEA8 /* NTNavigationBar.m in Sources */,
				4319BA8E1A47F55600A4FEA8 /* BCMeshBuffer.m in Sources */,
				4319BA901A47F55600A4FEA8 /* NTSchool.m in Sources */,
				4319BA911A47F55600A4FEA8 /* BCMutableMeshTransform+Convenience.m in Sources */,
				4319BA921A47F55600A4FEA8 /* UIImage+NTExtra.m in Sources */,
				43E327F71A48133500E63E28 /* NTCopyrightLabel.m in Sources */,
				4319BA931A47F55600A4FEA8 /* NTPoleView.m in Sources */,
				4319BA951A47F55600A4FEA8 /* NTFilterViewController.m in Sources */,
				4319BA971A47F55600A4FEA8 /* NTJSONNetworkCollector+Google.m in Sources */,
				4319BA981A47F55600A4FEA8 /* NTDetailViewController.m in Sources */,
				4319BA991A47F55600A4FEA8 /* NTSchoolFilter.m in Sources */,
				4319BA9A1A47F55600A4FEA8 /* NTSchoolAnnotateView.m in Sources */,
				4319BA9B1A47F55600A4FEA8 /* NTSchoolGroupAnnotation.m in Sources */,
				4319BA9C1A47F55600A4FEA8 /* BCMeshContentView.m in Sources */,
			);
			runOnlyForDeploymentPostprocessing = 0;
		};
		431F85711A3E911D003DA6E9 /* Sources */ = {
			isa = PBXSourcesBuildPhase;
			buildActionMask = 2147483647;
			files = (
				43A876ED1A4472D600AD9CCD /* NTTheme.m in Sources */,
				431F85EA1A3E9B44003DA6E9 /* NTJSONNetworkCollector+NTSeattle.m in Sources */,
				43A876FD1A448E7B00AD9CCD /* NTDetailLabel.m in Sources */,
				4367F2D31A46F3FD00B4E0D3 /* BCMeshTransform+DemoTransforms.m in Sources */,
				4367F2D41A46F3FD00B4E0D3 /* BCMeshTransform+Interpolation.m in Sources */,
				43A876F91A4483C000AD9CCD /* NTButton.m in Sources */,
				4367F2D01A46F3FD00B4E0D3 /* BCMeshShader.m in Sources */,
				431F85B21A3E9430003DA6E9 /* seattle_schools.xcdatamodeld in Sources */,
				43BCFA751A52024300921AAF /* UIAlertView+NTShow.m in Sources */,
				43A876F61A4483B200AD9CCD /* NTFlagButton.m in Sources */,
				431F86011A3EB738003DA6E9 /* NTLocationManager.m in Sources */,
				4367F2DB1A46F51E00B4E0D3 /* NTFilterTransformView.m in Sources */,
				4367F2D71A46F3FD00B4E0D3 /* BCMeshTransformView.m in Sources */,
				43BCFA701A52024300921AAF /* NSDictionary+Null.m in Sources */,
				4395BF051A47A8A2005E8CA2 /* CGRect+NTExtend.swift in Sources */,
				4367F2E11A470B7C00B4E0D3 /* FilterView.swift in Sources */,
				431F86071A3EDE1C003DA6E9 /* NTSchoolAnnotate.m in Sources */,
				43BCFA741A52024300921AAF /* UIActivityIndicatorView+NTShow.m in Sources */,
				431F85AE1A3E9405003DA6E9 /* NTHomeViewController.m in Sources */,
				43BCFA711A52024300921AAF /* NTDataCollector.m in Sources */,
				4367F2D51A46F3FD00B4E0D3 /* BCMeshTransform.mm in Sources */,
				4367F2D61A46F3FD00B4E0D3 /* BCMeshTransformAnimation.m in Sources */,
				431F857B1A3E911D003DA6E9 /* main.m in Sources */,
				4367F2D21A46F3FD00B4E0D3 /* BCMeshTexture.m in Sources */,
				4319BA721A47EA2900A4FEA8 /* MiddlePoleView.swift in Sources */,
				431F85AC1A3E9405003DA6E9 /* AppDelegate.m in Sources */,
				43BCFA6F1A52024300921AAF /* NSDictionary+ConvertValue.m in Sources */,
				4336A1EC1A421B9C005BC764 /* NTJSONLocalCollector+NTSeattle.m in Sources */,
				43A876EA1A446B1F00AD9CCD /* NTNavigationBar.m in Sources */,
				4367F2CD1A46F3FD00B4E0D3 /* BCMeshBuffer.m in Sources */,
				43BCFA5C1A51FF4900921AAF /* NTMessageView.m in Sources */,
				43BCFA731A52024300921AAF /* Reachability.m in Sources */,
				431F85E71A3E98B4003DA6E9 /* NTSchool.m in Sources */,
				4367F2D81A46F3FD00B4E0D3 /* BCMutableMeshTransform+Convenience.m in Sources */,
				43E327FA1A481E7100E63E28 /* NTFilterContainer.m in Sources */,
				4336A1F21A429327005BC764 /* UIImage+NTExtra.m in Sources */,
				43E327F61A48133100E63E28 /* NTCopyrightLabel.m in Sources */,
				43A876F31A447A9800AD9CCD /* NTPoleView.m in Sources */,
				431F85F01A3EA2A1003DA6E9 /* NTFilterViewController.m in Sources */,
				4336A1EF1A422642005BC764 /* NTJSONNetworkCollector+Google.m in Sources */,
				431F85AD1A3E9405003DA6E9 /* NTDetailViewController.m in Sources */,
				43F3A6A81A41809100F55C05 /* NTSchoolFilter.m in Sources */,
				431F85F31A3EA352003DA6E9 /* NTSchoolAnnotateView.m in Sources */,
				4336A1F51A42A5F2005BC764 /* NTSchoolGroupAnnotation.m in Sources */,
				4367F2CE1A46F3FD00B4E0D3 /* BCMeshContentView.m in Sources */,
			);
			runOnlyForDeploymentPostprocessing = 0;
		};
		431F858D1A3E911E003DA6E9 /* Sources */ = {
			isa = PBXSourcesBuildPhase;
			buildActionMask = 2147483647;
			files = (
				431F85981A3E911E003DA6E9 /* seattle_schoolsTests.m in Sources */,
				4336A1F71A42B29F005BC764 /* NTSchoolGradeTests.m in Sources */,
			);
			runOnlyForDeploymentPostprocessing = 0;
		};
/* End PBXSourcesBuildPhase section */

/* Begin PBXTargetDependency section */
		431F85931A3E911E003DA6E9 /* PBXTargetDependency */ = {
			isa = PBXTargetDependency;
			target = 431F85741A3E911D003DA6E9 /* seattle_schools */;
			targetProxy = 431F85921A3E911E003DA6E9 /* PBXContainerItemProxy */;
		};
/* End PBXTargetDependency section */

/* Begin PBXVariantGroup section */
		431F85851A3E911D003DA6E9 /* Main.storyboard */ = {
			isa = PBXVariantGroup;
			children = (
				431F85861A3E911D003DA6E9 /* Base */,
			);
			name = Main.storyboard;
			sourceTree = "<group>";
		};
		431F858A1A3E911D003DA6E9 /* LaunchScreen.xib */ = {
			isa = PBXVariantGroup;
			children = (
				431F858B1A3E911D003DA6E9 /* Base */,
			);
			name = LaunchScreen.xib;
			sourceTree = "<group>";
		};
/* End PBXVariantGroup section */

/* Begin XCBuildConfiguration section */
		4319BAB11A47F55600A4FEA8 /* Debug */ = {
			isa = XCBuildConfiguration;
			buildSettings = {
				ASSETCATALOG_COMPILER_APPICON_NAME = AppIcon;
				ASSETCATALOG_COMPILER_LAUNCHIMAGE_NAME = LaunchImage;
				CLANG_ENABLE_MODULES = YES;
				CODE_SIGN_IDENTITY = "iPhone Distribution: Naythan Ramirez (6YT7SBM827)";
				INFOPLIST_FILE = seattle_schools/Info.plist;
				IPHONEOS_DEPLOYMENT_TARGET = 8.0;
				LD_RUNPATH_SEARCH_PATHS = "$(inherited) @executable_path/Frameworks";
				PRODUCT_NAME = "seattle_schools copy";
				PROVISIONING_PROFILE = "aad076ed-282e-4c1a-8c83-d47547114fc1";
				SWIFT_OBJC_BRIDGING_HEADER = "seattle_schools/Sources/seattle_schools-Bridging-Header.h";
				SWIFT_OPTIMIZATION_LEVEL = "-Onone";
				TARGETED_DEVICE_FAMILY = 1;
			};
			name = Debug;
		};
		4319BAB21A47F55600A4FEA8 /* Release */ = {
			isa = XCBuildConfiguration;
			buildSettings = {
				ASSETCATALOG_COMPILER_APPICON_NAME = AppIcon;
				ASSETCATALOG_COMPILER_LAUNCHIMAGE_NAME = LaunchImage;
				CLANG_ENABLE_MODULES = YES;
				CODE_SIGN_IDENTITY = "iPhone Distribution: Naythan Ramirez (6YT7SBM827)";
				INFOPLIST_FILE = seattle_schools/Info.plist;
				IPHONEOS_DEPLOYMENT_TARGET = 8.0;
				LD_RUNPATH_SEARCH_PATHS = "$(inherited) @executable_path/Frameworks";
				PRODUCT_NAME = "seattle_schools copy";
				PROVISIONING_PROFILE = "aad076ed-282e-4c1a-8c83-d47547114fc1";
				SWIFT_OBJC_BRIDGING_HEADER = "seattle_schools/Sources/seattle_schools-Bridging-Header.h";
				TARGETED_DEVICE_FAMILY = 1;
			};
			name = Release;
		};
		431F85991A3E911E003DA6E9 /* Debug */ = {
			isa = XCBuildConfiguration;
			buildSettings = {
				ALWAYS_SEARCH_USER_PATHS = NO;
				CLANG_CXX_LANGUAGE_STANDARD = "gnu++0x";
				CLANG_CXX_LIBRARY = "libc++";
				CLANG_ENABLE_MODULES = YES;
				CLANG_ENABLE_OBJC_ARC = YES;
				CLANG_WARN_BOOL_CONVERSION = YES;
				CLANG_WARN_CONSTANT_CONVERSION = YES;
				CLANG_WARN_DIRECT_OBJC_ISA_USAGE = YES_ERROR;
				CLANG_WARN_EMPTY_BODY = YES;
				CLANG_WARN_ENUM_CONVERSION = YES;
				CLANG_WARN_INT_CONVERSION = YES;
				CLANG_WARN_OBJC_ROOT_CLASS = YES_ERROR;
				CLANG_WARN_UNREACHABLE_CODE = YES;
				CLANG_WARN__DUPLICATE_METHOD_MATCH = YES;
				"CODE_SIGN_IDENTITY[sdk=iphoneos*]" = "iPhone Developer";
				COPY_PHASE_STRIP = NO;
				ENABLE_STRICT_OBJC_MSGSEND = YES;
				GCC_C_LANGUAGE_STANDARD = gnu99;
				GCC_DYNAMIC_NO_PIC = NO;
				GCC_OPTIMIZATION_LEVEL = 0;
				GCC_PREPROCESSOR_DEFINITIONS = (
					"DEBUG=1",
					"$(inherited)",
				);
				GCC_SYMBOLS_PRIVATE_EXTERN = NO;
				GCC_WARN_64_TO_32_BIT_CONVERSION = YES;
				GCC_WARN_ABOUT_RETURN_TYPE = YES_ERROR;
				GCC_WARN_UNDECLARED_SELECTOR = YES;
				GCC_WARN_UNINITIALIZED_AUTOS = YES_AGGRESSIVE;
				GCC_WARN_UNUSED_FUNCTION = YES;
				GCC_WARN_UNUSED_VARIABLE = YES;
				IPHONEOS_DEPLOYMENT_TARGET = 8.1;
				MTL_ENABLE_DEBUG_INFO = YES;
				ONLY_ACTIVE_ARCH = YES;
				SDKROOT = iphoneos;
			};
			name = Debug;
		};
		431F859A1A3E911E003DA6E9 /* Release */ = {
			isa = XCBuildConfiguration;
			buildSettings = {
				ALWAYS_SEARCH_USER_PATHS = NO;
				CLANG_CXX_LANGUAGE_STANDARD = "gnu++0x";
				CLANG_CXX_LIBRARY = "libc++";
				CLANG_ENABLE_MODULES = YES;
				CLANG_ENABLE_OBJC_ARC = YES;
				CLANG_WARN_BOOL_CONVERSION = YES;
				CLANG_WARN_CONSTANT_CONVERSION = YES;
				CLANG_WARN_DIRECT_OBJC_ISA_USAGE = YES_ERROR;
				CLANG_WARN_EMPTY_BODY = YES;
				CLANG_WARN_ENUM_CONVERSION = YES;
				CLANG_WARN_INT_CONVERSION = YES;
				CLANG_WARN_OBJC_ROOT_CLASS = YES_ERROR;
				CLANG_WARN_UNREACHABLE_CODE = YES;
				CLANG_WARN__DUPLICATE_METHOD_MATCH = YES;
				"CODE_SIGN_IDENTITY[sdk=iphoneos*]" = "iPhone Developer";
				COPY_PHASE_STRIP = YES;
				ENABLE_NS_ASSERTIONS = NO;
				ENABLE_STRICT_OBJC_MSGSEND = YES;
				GCC_C_LANGUAGE_STANDARD = gnu99;
				GCC_WARN_64_TO_32_BIT_CONVERSION = YES;
				GCC_WARN_ABOUT_RETURN_TYPE = YES_ERROR;
				GCC_WARN_UNDECLARED_SELECTOR = YES;
				GCC_WARN_UNINITIALIZED_AUTOS = YES_AGGRESSIVE;
				GCC_WARN_UNUSED_FUNCTION = YES;
				GCC_WARN_UNUSED_VARIABLE = YES;
				IPHONEOS_DEPLOYMENT_TARGET = 8.1;
				MTL_ENABLE_DEBUG_INFO = NO;
				SDKROOT = iphoneos;
				VALIDATE_PRODUCT = YES;
			};
			name = Release;
		};
		431F859C1A3E911E003DA6E9 /* Debug */ = {
			isa = XCBuildConfiguration;
			buildSettings = {
				ASSETCATALOG_COMPILER_APPICON_NAME = AppIcon;
				ASSETCATALOG_COMPILER_LAUNCHIMAGE_NAME = LaunchImage;
				CLANG_ENABLE_MODULES = YES;
				CODE_SIGN_IDENTITY = "iPhone Developer";
				INFOPLIST_FILE = seattle_schools/Info.plist;
				IPHONEOS_DEPLOYMENT_TARGET = 8.0;
				LD_RUNPATH_SEARCH_PATHS = "$(inherited) @executable_path/Frameworks";
				PRODUCT_NAME = "$(TARGET_NAME)";
				SWIFT_OBJC_BRIDGING_HEADER = "seattle_schools/Sources/seattle_schools-Bridging-Header.h";
				SWIFT_OPTIMIZATION_LEVEL = "-Onone";
				TARGETED_DEVICE_FAMILY = 1;
			};
			name = Debug;
		};
		431F859D1A3E911E003DA6E9 /* Release */ = {
			isa = XCBuildConfiguration;
			buildSettings = {
				ASSETCATALOG_COMPILER_APPICON_NAME = AppIcon;
				ASSETCATALOG_COMPILER_LAUNCHIMAGE_NAME = LaunchImage;
				CLANG_ENABLE_MODULES = YES;
				CODE_SIGN_IDENTITY = "iPhone Developer";
				INFOPLIST_FILE = seattle_schools/Info.plist;
				IPHONEOS_DEPLOYMENT_TARGET = 8.0;
				LD_RUNPATH_SEARCH_PATHS = "$(inherited) @executable_path/Frameworks";
				PRODUCT_NAME = "$(TARGET_NAME)";
				SWIFT_OBJC_BRIDGING_HEADER = "seattle_schools/Sources/seattle_schools-Bridging-Header.h";
				TARGETED_DEVICE_FAMILY = 1;
			};
			name = Release;
		};
		431F859F1A3E911E003DA6E9 /* Debug */ = {
			isa = XCBuildConfiguration;
			buildSettings = {
				BUNDLE_LOADER = "$(TEST_HOST)";
				FRAMEWORK_SEARCH_PATHS = (
					"$(SDKROOT)/Developer/Library/Frameworks",
					"$(inherited)",
				);
				GCC_PREPROCESSOR_DEFINITIONS = (
					"DEBUG=1",
					"$(inherited)",
				);
				INFOPLIST_FILE = seattle_schoolsTests/Info.plist;
				LD_RUNPATH_SEARCH_PATHS = "$(inherited) @executable_path/Frameworks @loader_path/Frameworks";
				PRODUCT_NAME = "$(TARGET_NAME)";
				TEST_HOST = "$(BUILT_PRODUCTS_DIR)/seattle_schools.app/seattle_schools";
			};
			name = Debug;
		};
		431F85A01A3E911E003DA6E9 /* Release */ = {
			isa = XCBuildConfiguration;
			buildSettings = {
				BUNDLE_LOADER = "$(TEST_HOST)";
				FRAMEWORK_SEARCH_PATHS = (
					"$(SDKROOT)/Developer/Library/Frameworks",
					"$(inherited)",
				);
				INFOPLIST_FILE = seattle_schoolsTests/Info.plist;
				LD_RUNPATH_SEARCH_PATHS = "$(inherited) @executable_path/Frameworks @loader_path/Frameworks";
				PRODUCT_NAME = "$(TARGET_NAME)";
				TEST_HOST = "$(BUILT_PRODUCTS_DIR)/seattle_schools.app/seattle_schools";
			};
			name = Release;
		};
/* End XCBuildConfiguration section */

/* Begin XCConfigurationList section */
		4319BAB01A47F55600A4FEA8 /* Build configuration list for PBXNativeTarget "seattle_schools-release" */ = {
			isa = XCConfigurationList;
			buildConfigurations = (
				4319BAB11A47F55600A4FEA8 /* Debug */,
				4319BAB21A47F55600A4FEA8 /* Release */,
			);
			defaultConfigurationIsVisible = 0;
			defaultConfigurationName = Release;
		};
		431F85701A3E911D003DA6E9 /* Build configuration list for PBXProject "seattle_schools" */ = {
			isa = XCConfigurationList;
			buildConfigurations = (
				431F85991A3E911E003DA6E9 /* Debug */,
				431F859A1A3E911E003DA6E9 /* Release */,
			);
			defaultConfigurationIsVisible = 0;
			defaultConfigurationName = Release;
		};
		431F859B1A3E911E003DA6E9 /* Build configuration list for PBXNativeTarget "seattle_schools" */ = {
			isa = XCConfigurationList;
			buildConfigurations = (
				431F859C1A3E911E003DA6E9 /* Debug */,
				431F859D1A3E911E003DA6E9 /* Release */,
			);
			defaultConfigurationIsVisible = 0;
			defaultConfigurationName = Release;
		};
		431F859E1A3E911E003DA6E9 /* Build configuration list for PBXNativeTarget "seattle_schoolsTests" */ = {
			isa = XCConfigurationList;
			buildConfigurations = (
				431F859F1A3E911E003DA6E9 /* Debug */,
				431F85A01A3E911E003DA6E9 /* Release */,
			);
			defaultConfigurationIsVisible = 0;
			defaultConfigurationName = Release;
		};
/* End XCConfigurationList section */

/* Begin XCVersionGroup section */
		431F85B01A3E9430003DA6E9 /* seattle_schools.xcdatamodeld */ = {
			isa = XCVersionGroup;
			children = (
				431F85B11A3E9430003DA6E9 /* seattle_schools.xcdatamodel */,
			);
			currentVersion = 431F85B11A3E9430003DA6E9 /* seattle_schools.xcdatamodel */;
			path = seattle_schools.xcdatamodeld;
			sourceTree = "<group>";
			versionGroupType = wrapper.xcdatamodel;
		};
/* End XCVersionGroup section */
	};
	rootObject = 431F856D1A3E911D003DA6E9 /* Project object */;
}
